
Microsoft Visual Studio Solution File, Format Version 12.00
# Visual Studio 15
Project("{FAE04EC0-301F-11D3-BF4B-00C04F79EFBC}") = "Permutive", "Permutive\Permutive.csproj", "{B3C3CDD4-0E8F-48B3-8223-17D0BB423564}"
EndProject
Project("{FAE04EC0-301F-11D3-BF4B-00C04F79EFBC}") = "BindingTest", "BindingTest\BindingTest.csproj", "{69853924-B7B8-4F3F-8706-0BC0799B84AE}"
EndProject
Project("{FAE04EC0-301F-11D3-BF4B-00C04F79EFBC}") = "Binding-Duktape-Android", "Binding-Duktape-Android\Binding-Duktape-Android.csproj", "{B8A832DB-BA85-47CC-9D78-9E8D51B47B24}"
EndProject
Project("{FAE04EC0-301F-11D3-BF4B-00C04F79EFBC}") = "Binding-Room-Runtime", "Binding-Room-Runtime\Binding-Room-Runtime.csproj", "{B882A2ED-4780-4AE5-9C1B-7801A19C57F4}"
EndProject
Project("{FAE04EC0-301F-11D3-BF4B-00C04F79EFBC}") = "Binding-Arch-Persistence-DB", "Binding-Arch-Persistence-DB\Binding-Arch-Persistence-DB.csproj", "{6832C4F0-BEC4-40BC-8369-98EE0C1714A2}"
EndProject
Project("{FAE04EC0-301F-11D3-BF4B-00C04F79EFBC}") = "Binding-Arch-Persistence-DB-Framework", "Binding-Arch-Persicence-DB-Framework\Binding-Arch-Persistence-DB-Framework.csproj", "{32039940-6025-40D8-86CF-8411648EC05D}"
EndProject
Project("{FAE04EC0-301F-11D3-BF4B-00C04F79EFBC}") = "Binding-Room-RxJava", "Binding-Room-RxJava\Binding-Room-RxJava.csproj", "{8CF3A9F5-BB96-4E5F-902A-2AF6DF99D0EE}"
EndProject
Global
	GlobalSection(SolutionConfigurationPlatforms) = preSolution
		Debug|Any CPU = Debug|Any CPU
		Release|Any CPU = Release|Any CPU
	EndGlobalSection
	GlobalSection(ProjectConfigurationPlatforms) = postSolution
		{B3C3CDD4-0E8F-48B3-8223-17D0BB423564}.Debug|Any CPU.ActiveCfg = Debug|Any CPU
		{B3C3CDD4-0E8F-48B3-8223-17D0BB423564}.Debug|Any CPU.Build.0 = Debug|Any CPU
		{B3C3CDD4-0E8F-48B3-8223-17D0BB423564}.Release|Any CPU.ActiveCfg = Release|Any CPU
		{B3C3CDD4-0E8F-48B3-8223-17D0BB423564}.Release|Any CPU.Build.0 = Release|Any CPU
		{69853924-B7B8-4F3F-8706-0BC0799B84AE}.Debug|Any CPU.ActiveCfg = Debug|Any CPU
		{69853924-B7B8-4F3F-8706-0BC0799B84AE}.Debug|Any CPU.Build.0 = Debug|Any CPU
		{69853924-B7B8-4F3F-8706-0BC0799B84AE}.Release|Any CPU.ActiveCfg = Release|Any CPU
		{69853924-B7B8-4F3F-8706-0BC0799B84AE}.Release|Any CPU.Build.0 = Release|Any CPU
		{B8A832DB-BA85-47CC-9D78-9E8D51B47B24}.Debug|Any CPU.ActiveCfg = Debug|Any CPU
		{B8A832DB-BA85-47CC-9D78-9E8D51B47B24}.Debug|Any CPU.Build.0 = Debug|Any CPU
		{B8A832DB-BA85-47CC-9D78-9E8D51B47B24}.Release|Any CPU.ActiveCfg = Release|Any CPU
		{B8A832DB-BA85-47CC-9D78-9E8D51B47B24}.Release|Any CPU.Build.0 = Release|Any CPU
		{B882A2ED-4780-4AE5-9C1B-7801A19C57F4}.Debug|Any CPU.ActiveCfg = Debug|Any CPU
		{B882A2ED-4780-4AE5-9C1B-7801A19C57F4}.Debug|Any CPU.Build.0 = Debug|Any CPU
		{B882A2ED-4780-4AE5-9C1B-7801A19C57F4}.Release|Any CPU.ActiveCfg = Release|Any CPU
		{B882A2ED-4780-4AE5-9C1B-7801A19C57F4}.Release|Any CPU.Build.0 = Release|Any CPU
		{6832C4F0-BEC4-40BC-8369-98EE0C1714A2}.Debug|Any CPU.ActiveCfg = Debug|Any CPU
		{6832C4F0-BEC4-40BC-8369-98EE0C1714A2}.Debug|Any CPU.Build.0 = Debug|Any CPU
		{6832C4F0-BEC4-40BC-8369-98EE0C1714A2}.Release|Any CPU.ActiveCfg = Release|Any CPU
		{6832C4F0-BEC4-40BC-8369-98EE0C1714A2}.Release|Any CPU.Build.0 = Release|Any CPU
		{32039940-6025-40D8-86CF-8411648EC05D}.Debug|Any CPU.ActiveCfg = Debug|Any CPU
		{32039940-6025-40D8-86CF-8411648EC05D}.Debug|Any CPU.Build.0 = Debug|Any CPU
		{32039940-6025-40D8-86CF-8411648EC05D}.Release|Any CPU.ActiveCfg = Release|Any CPU
		{32039940-6025-40D8-86CF-8411648EC05D}.Release|Any CPU.Build.0 = Release|Any CPU
		{8CF3A9F5-BB96-4E5F-902A-2AF6DF99D0EE}.Debug|Any CPU.ActiveCfg = Debug|Any CPU
		{8CF3A9F5-BB96-4E5F-902A-2AF6DF99D0EE}.Debug|Any CPU.Build.0 = Debug|Any CPU
		{8CF3A9F5-BB96-4E5F-902A-2AF6DF99D0EE}.Release|Any CPU.ActiveCfg = Release|Any CPU
		{8CF3A9F5-BB96-4E5F-902A-2AF6DF99D0EE}.Release|Any CPU.Build.0 = Release|Any CPU
	EndGlobalSection
EndGlobal
