
Microsoft Visual Studio Solution File, Format Version 12.00
# Visual Studio 15
Project("{FAE04EC0-301F-11D3-BF4B-00C04F79EFBC}") = "BindingTest", "BindingTest\BindingTest.csproj", "{69853924-B7B8-4F3F-8706-0BC0799B84AE}"
EndProject
Project("{FAE04EC0-301F-11D3-BF4B-00C04F79EFBC}") = "Permutive.Xamarin.Android.Arch.Persistence.DB", "Permutive.Xamarin.Android.Arch.Persistence.DB\Permutive.Xamarin.Android.Arch.Persistence.DB.csproj", "{3282592E-A28C-4122-99DF-1DEFE73AC173}"
EndProject
Project("{FAE04EC0-301F-11D3-BF4B-00C04F79EFBC}") = "Permutive.Xamarin.Android.Arch.Persistence.DB.Framework", "Permutive.Xamarin.Android.Arch.Persistence.DB.Framework\Permutive.Xamarin.Android.Arch.Persistence.DB.Framework.csproj", "{13EF6F17-DBB0-4489-BE4D-0DD942CA3129}"
EndProject
Project("{FAE04EC0-301F-11D3-BF4B-00C04F79EFBC}") = "Permutive.Xamarin.Android.Arch.Persistence.Room.Runtime", "Permutive.Xamarin.Android.Arch.Persistence.Room.Runtime\Permutive.Xamarin.Android.Arch.Persistence.Room.Runtime.csproj", "{58F2E1E4-05CB-4369-A655-0578F0CE7FD3}"
EndProject
Project("{FAE04EC0-301F-11D3-BF4B-00C04F79EFBC}") = "Permutive.Xamarin.Android.Arch.Persistence.Room.RxJava", "Permutive.Xamarin.Android.Arch.Persistence.Room.RxJava\Permutive.Xamarin.Android.Arch.Persistence.Room.RxJava.csproj", "{B236D768-A8EA-4A59-A7F8-2EF4C55C2CEB}"
EndProject
Project("{FAE04EC0-301F-11D3-BF4B-00C04F79EFBC}") = "Permutive.Xamarin.Android.Binding", "Permutive.Xamarin.Android.Binding\Permutive.Xamarin.Android.Binding.csproj", "{C337FAE5-437A-490D-AB87-0DFEF10F42BF}"
EndProject
Project("{FAE04EC0-301F-11D3-BF4B-00C04F79EFBC}") = "Permutive.Xamarin.Android", "Permutive.Xamarin.Android\Permutive.Xamarin.Android.csproj", "{C3D2E79C-1BFD-4FD9-9C6C-8EA04206E4AE}"
EndProject
Project("{FAE04EC0-301F-11D3-BF4B-00C04F79EFBC}") = "Permutive.Xamarin.Interface", "Permutive.Xamarin.Interface\Permutive.Xamarin.Interface.csproj", "{096455FA-AD61-4A3B-9133-C12B1F3B3800}"
EndProject
Project("{FAE04EC0-301F-11D3-BF4B-00C04F79EFBC}") = "Permutive.Xamarin.Android.Duktape", "Permutive.Xamarin.Android.Duktape\Permutive.Xamarin.Android.Duktape.csproj", "{D5D68562-5131-49AD-B49E-E8DA91716D2E}"
EndProject
Project("{FAE04EC0-301F-11D3-BF4B-00C04F79EFBC}") = "Permutive.Xamarin.Android.GoogleAds.Binding", "Permutive.Xamarin.Android.GoogleAds.Binding\Permutive.Xamarin.Android.GoogleAds.Binding.csproj", "{3079F65A-9E3E-4E5A-853F-3E0140534A28}"
EndProject
Project("{FAE04EC0-301F-11D3-BF4B-00C04F79EFBC}") = "Permutive.Xamarin.Android.GoogleAds", "Permutive.Xamarin.Android.GoogleAds\Permutive.Xamarin.Android.GoogleAds.csproj", "{CE594427-C220-43A8-8C2B-37A02AE278CA}"
EndProject
Project("{FAE04EC0-301F-11D3-BF4B-00C04F79EFBC}") = "Permutive.Xamarin.iOS.Binding", "Permutive.Xamarin.iOS.Binding\Permutive.Xamarin.iOS.Binding.csproj", "{C3FEAE7C-447E-4EAF-B05C-6F64BA6095C1}"
EndProject
Project("{D954291E-2A0B-460D-934E-DC6B0785DB48}") = "SharedSample", "SharedSample\SharedSample.shproj", "{B67FC262-83B7-4EE9-80C2-50D22297555E}"
EndProject
Project("{FAE04EC0-301F-11D3-BF4B-00C04F79EFBC}") = "SharedSample.Droid", "Droid\SharedSample.Droid.csproj", "{9181A8FF-A5DA-44E3-909D-03136530643F}"
EndProject
Project("{FAE04EC0-301F-11D3-BF4B-00C04F79EFBC}") = "SharedSample.iOS", "iOS\SharedSample.iOS.csproj", "{DAA2FDAD-587C-4C3A-8733-26069AA4C27C}"
EndProject
Global
	GlobalSection(SolutionConfigurationPlatforms) = preSolution
		Debug|Any CPU = Debug|Any CPU
		Release|Any CPU = Release|Any CPU
		Debug|iPhoneSimulator = Debug|iPhoneSimulator
		Release|iPhone = Release|iPhone
		Release|iPhoneSimulator = Release|iPhoneSimulator
		Debug|iPhone = Debug|iPhone
	EndGlobalSection
	GlobalSection(ProjectConfigurationPlatforms) = postSolution
		{69853924-B7B8-4F3F-8706-0BC0799B84AE}.Debug|Any CPU.ActiveCfg = Debug|Any CPU
		{69853924-B7B8-4F3F-8706-0BC0799B84AE}.Debug|Any CPU.Build.0 = Debug|Any CPU
		{69853924-B7B8-4F3F-8706-0BC0799B84AE}.Release|Any CPU.ActiveCfg = Release|Any CPU
		{69853924-B7B8-4F3F-8706-0BC0799B84AE}.Release|Any CPU.Build.0 = Release|Any CPU
		{69853924-B7B8-4F3F-8706-0BC0799B84AE}.Debug|iPhoneSimulator.ActiveCfg = Debug|Any CPU
		{69853924-B7B8-4F3F-8706-0BC0799B84AE}.Debug|iPhoneSimulator.Build.0 = Debug|Any CPU
		{69853924-B7B8-4F3F-8706-0BC0799B84AE}.Release|iPhone.ActiveCfg = Release|Any CPU
		{69853924-B7B8-4F3F-8706-0BC0799B84AE}.Release|iPhone.Build.0 = Release|Any CPU
		{69853924-B7B8-4F3F-8706-0BC0799B84AE}.Release|iPhoneSimulator.ActiveCfg = Release|Any CPU
		{69853924-B7B8-4F3F-8706-0BC0799B84AE}.Release|iPhoneSimulator.Build.0 = Release|Any CPU
		{69853924-B7B8-4F3F-8706-0BC0799B84AE}.Debug|iPhone.ActiveCfg = Debug|Any CPU
		{69853924-B7B8-4F3F-8706-0BC0799B84AE}.Debug|iPhone.Build.0 = Debug|Any CPU
		{3282592E-A28C-4122-99DF-1DEFE73AC173}.Debug|Any CPU.ActiveCfg = Debug|Any CPU
		{3282592E-A28C-4122-99DF-1DEFE73AC173}.Debug|Any CPU.Build.0 = Debug|Any CPU
		{3282592E-A28C-4122-99DF-1DEFE73AC173}.Release|Any CPU.ActiveCfg = Release|Any CPU
		{3282592E-A28C-4122-99DF-1DEFE73AC173}.Release|Any CPU.Build.0 = Release|Any CPU
		{3282592E-A28C-4122-99DF-1DEFE73AC173}.Debug|iPhoneSimulator.ActiveCfg = Debug|Any CPU
		{3282592E-A28C-4122-99DF-1DEFE73AC173}.Debug|iPhoneSimulator.Build.0 = Debug|Any CPU
		{3282592E-A28C-4122-99DF-1DEFE73AC173}.Release|iPhone.ActiveCfg = Release|Any CPU
		{3282592E-A28C-4122-99DF-1DEFE73AC173}.Release|iPhone.Build.0 = Release|Any CPU
		{3282592E-A28C-4122-99DF-1DEFE73AC173}.Release|iPhoneSimulator.ActiveCfg = Release|Any CPU
		{3282592E-A28C-4122-99DF-1DEFE73AC173}.Release|iPhoneSimulator.Build.0 = Release|Any CPU
		{3282592E-A28C-4122-99DF-1DEFE73AC173}.Debug|iPhone.ActiveCfg = Debug|Any CPU
		{3282592E-A28C-4122-99DF-1DEFE73AC173}.Debug|iPhone.Build.0 = Debug|Any CPU
		{13EF6F17-DBB0-4489-BE4D-0DD942CA3129}.Debug|Any CPU.ActiveCfg = Debug|Any CPU
		{13EF6F17-DBB0-4489-BE4D-0DD942CA3129}.Debug|Any CPU.Build.0 = Debug|Any CPU
		{13EF6F17-DBB0-4489-BE4D-0DD942CA3129}.Release|Any CPU.ActiveCfg = Release|Any CPU
		{13EF6F17-DBB0-4489-BE4D-0DD942CA3129}.Release|Any CPU.Build.0 = Release|Any CPU
		{13EF6F17-DBB0-4489-BE4D-0DD942CA3129}.Debug|iPhoneSimulator.ActiveCfg = Debug|Any CPU
		{13EF6F17-DBB0-4489-BE4D-0DD942CA3129}.Debug|iPhoneSimulator.Build.0 = Debug|Any CPU
		{13EF6F17-DBB0-4489-BE4D-0DD942CA3129}.Release|iPhone.ActiveCfg = Release|Any CPU
		{13EF6F17-DBB0-4489-BE4D-0DD942CA3129}.Release|iPhone.Build.0 = Release|Any CPU
		{13EF6F17-DBB0-4489-BE4D-0DD942CA3129}.Release|iPhoneSimulator.ActiveCfg = Release|Any CPU
		{13EF6F17-DBB0-4489-BE4D-0DD942CA3129}.Release|iPhoneSimulator.Build.0 = Release|Any CPU
		{13EF6F17-DBB0-4489-BE4D-0DD942CA3129}.Debug|iPhone.ActiveCfg = Debug|Any CPU
		{13EF6F17-DBB0-4489-BE4D-0DD942CA3129}.Debug|iPhone.Build.0 = Debug|Any CPU
		{58F2E1E4-05CB-4369-A655-0578F0CE7FD3}.Debug|Any CPU.ActiveCfg = Debug|Any CPU
		{58F2E1E4-05CB-4369-A655-0578F0CE7FD3}.Debug|Any CPU.Build.0 = Debug|Any CPU
		{58F2E1E4-05CB-4369-A655-0578F0CE7FD3}.Release|Any CPU.ActiveCfg = Release|Any CPU
		{58F2E1E4-05CB-4369-A655-0578F0CE7FD3}.Release|Any CPU.Build.0 = Release|Any CPU
		{58F2E1E4-05CB-4369-A655-0578F0CE7FD3}.Debug|iPhoneSimulator.ActiveCfg = Debug|Any CPU
		{58F2E1E4-05CB-4369-A655-0578F0CE7FD3}.Debug|iPhoneSimulator.Build.0 = Debug|Any CPU
		{58F2E1E4-05CB-4369-A655-0578F0CE7FD3}.Release|iPhone.ActiveCfg = Release|Any CPU
		{58F2E1E4-05CB-4369-A655-0578F0CE7FD3}.Release|iPhone.Build.0 = Release|Any CPU
		{58F2E1E4-05CB-4369-A655-0578F0CE7FD3}.Release|iPhoneSimulator.ActiveCfg = Release|Any CPU
		{58F2E1E4-05CB-4369-A655-0578F0CE7FD3}.Release|iPhoneSimulator.Build.0 = Release|Any CPU
		{58F2E1E4-05CB-4369-A655-0578F0CE7FD3}.Debug|iPhone.ActiveCfg = Debug|Any CPU
		{58F2E1E4-05CB-4369-A655-0578F0CE7FD3}.Debug|iPhone.Build.0 = Debug|Any CPU
		{B236D768-A8EA-4A59-A7F8-2EF4C55C2CEB}.Debug|Any CPU.ActiveCfg = Debug|Any CPU
		{B236D768-A8EA-4A59-A7F8-2EF4C55C2CEB}.Debug|Any CPU.Build.0 = Debug|Any CPU
		{B236D768-A8EA-4A59-A7F8-2EF4C55C2CEB}.Release|Any CPU.ActiveCfg = Release|Any CPU
		{B236D768-A8EA-4A59-A7F8-2EF4C55C2CEB}.Release|Any CPU.Build.0 = Release|Any CPU
		{B236D768-A8EA-4A59-A7F8-2EF4C55C2CEB}.Debug|iPhoneSimulator.ActiveCfg = Debug|Any CPU
		{B236D768-A8EA-4A59-A7F8-2EF4C55C2CEB}.Debug|iPhoneSimulator.Build.0 = Debug|Any CPU
		{B236D768-A8EA-4A59-A7F8-2EF4C55C2CEB}.Release|iPhone.ActiveCfg = Release|Any CPU
		{B236D768-A8EA-4A59-A7F8-2EF4C55C2CEB}.Release|iPhone.Build.0 = Release|Any CPU
		{B236D768-A8EA-4A59-A7F8-2EF4C55C2CEB}.Release|iPhoneSimulator.ActiveCfg = Release|Any CPU
		{B236D768-A8EA-4A59-A7F8-2EF4C55C2CEB}.Release|iPhoneSimulator.Build.0 = Release|Any CPU
		{B236D768-A8EA-4A59-A7F8-2EF4C55C2CEB}.Debug|iPhone.ActiveCfg = Debug|Any CPU
		{B236D768-A8EA-4A59-A7F8-2EF4C55C2CEB}.Debug|iPhone.Build.0 = Debug|Any CPU
		{C337FAE5-437A-490D-AB87-0DFEF10F42BF}.Debug|Any CPU.ActiveCfg = Debug|Any CPU
		{C337FAE5-437A-490D-AB87-0DFEF10F42BF}.Debug|Any CPU.Build.0 = Debug|Any CPU
		{C337FAE5-437A-490D-AB87-0DFEF10F42BF}.Release|Any CPU.ActiveCfg = Release|Any CPU
		{C337FAE5-437A-490D-AB87-0DFEF10F42BF}.Release|Any CPU.Build.0 = Release|Any CPU
		{C337FAE5-437A-490D-AB87-0DFEF10F42BF}.Debug|iPhoneSimulator.ActiveCfg = Debug|Any CPU
		{C337FAE5-437A-490D-AB87-0DFEF10F42BF}.Debug|iPhoneSimulator.Build.0 = Debug|Any CPU
		{C337FAE5-437A-490D-AB87-0DFEF10F42BF}.Release|iPhone.ActiveCfg = Release|Any CPU
		{C337FAE5-437A-490D-AB87-0DFEF10F42BF}.Release|iPhone.Build.0 = Release|Any CPU
		{C337FAE5-437A-490D-AB87-0DFEF10F42BF}.Release|iPhoneSimulator.ActiveCfg = Release|Any CPU
		{C337FAE5-437A-490D-AB87-0DFEF10F42BF}.Release|iPhoneSimulator.Build.0 = Release|Any CPU
		{C337FAE5-437A-490D-AB87-0DFEF10F42BF}.Debug|iPhone.ActiveCfg = Debug|Any CPU
		{C337FAE5-437A-490D-AB87-0DFEF10F42BF}.Debug|iPhone.Build.0 = Debug|Any CPU
		{C3D2E79C-1BFD-4FD9-9C6C-8EA04206E4AE}.Debug|Any CPU.ActiveCfg = Debug|Any CPU
		{C3D2E79C-1BFD-4FD9-9C6C-8EA04206E4AE}.Debug|Any CPU.Build.0 = Debug|Any CPU
		{C3D2E79C-1BFD-4FD9-9C6C-8EA04206E4AE}.Release|Any CPU.ActiveCfg = Release|Any CPU
		{C3D2E79C-1BFD-4FD9-9C6C-8EA04206E4AE}.Release|Any CPU.Build.0 = Release|Any CPU
		{C3D2E79C-1BFD-4FD9-9C6C-8EA04206E4AE}.Debug|iPhoneSimulator.ActiveCfg = Debug|Any CPU
		{C3D2E79C-1BFD-4FD9-9C6C-8EA04206E4AE}.Debug|iPhoneSimulator.Build.0 = Debug|Any CPU
		{C3D2E79C-1BFD-4FD9-9C6C-8EA04206E4AE}.Release|iPhone.ActiveCfg = Release|Any CPU
		{C3D2E79C-1BFD-4FD9-9C6C-8EA04206E4AE}.Release|iPhone.Build.0 = Release|Any CPU
		{C3D2E79C-1BFD-4FD9-9C6C-8EA04206E4AE}.Release|iPhoneSimulator.ActiveCfg = Release|Any CPU
		{C3D2E79C-1BFD-4FD9-9C6C-8EA04206E4AE}.Release|iPhoneSimulator.Build.0 = Release|Any CPU
		{C3D2E79C-1BFD-4FD9-9C6C-8EA04206E4AE}.Debug|iPhone.ActiveCfg = Debug|Any CPU
		{C3D2E79C-1BFD-4FD9-9C6C-8EA04206E4AE}.Debug|iPhone.Build.0 = Debug|Any CPU
		{096455FA-AD61-4A3B-9133-C12B1F3B3800}.Debug|Any CPU.ActiveCfg = Debug|Any CPU
		{096455FA-AD61-4A3B-9133-C12B1F3B3800}.Debug|Any CPU.Build.0 = Debug|Any CPU
		{096455FA-AD61-4A3B-9133-C12B1F3B3800}.Release|Any CPU.ActiveCfg = Release|Any CPU
		{096455FA-AD61-4A3B-9133-C12B1F3B3800}.Release|Any CPU.Build.0 = Release|Any CPU
		{096455FA-AD61-4A3B-9133-C12B1F3B3800}.Debug|iPhoneSimulator.ActiveCfg = Debug|Any CPU
		{096455FA-AD61-4A3B-9133-C12B1F3B3800}.Debug|iPhoneSimulator.Build.0 = Debug|Any CPU
		{096455FA-AD61-4A3B-9133-C12B1F3B3800}.Release|iPhone.ActiveCfg = Release|Any CPU
		{096455FA-AD61-4A3B-9133-C12B1F3B3800}.Release|iPhone.Build.0 = Release|Any CPU
		{096455FA-AD61-4A3B-9133-C12B1F3B3800}.Release|iPhoneSimulator.ActiveCfg = Release|Any CPU
		{096455FA-AD61-4A3B-9133-C12B1F3B3800}.Release|iPhoneSimulator.Build.0 = Release|Any CPU
		{096455FA-AD61-4A3B-9133-C12B1F3B3800}.Debug|iPhone.ActiveCfg = Debug|Any CPU
		{096455FA-AD61-4A3B-9133-C12B1F3B3800}.Debug|iPhone.Build.0 = Debug|Any CPU
		{D5D68562-5131-49AD-B49E-E8DA91716D2E}.Debug|Any CPU.ActiveCfg = Debug|Any CPU
		{D5D68562-5131-49AD-B49E-E8DA91716D2E}.Debug|Any CPU.Build.0 = Debug|Any CPU
		{D5D68562-5131-49AD-B49E-E8DA91716D2E}.Release|Any CPU.ActiveCfg = Release|Any CPU
		{D5D68562-5131-49AD-B49E-E8DA91716D2E}.Release|Any CPU.Build.0 = Release|Any CPU
		{D5D68562-5131-49AD-B49E-E8DA91716D2E}.Debug|iPhoneSimulator.ActiveCfg = Debug|Any CPU
		{D5D68562-5131-49AD-B49E-E8DA91716D2E}.Debug|iPhoneSimulator.Build.0 = Debug|Any CPU
		{D5D68562-5131-49AD-B49E-E8DA91716D2E}.Release|iPhone.ActiveCfg = Release|Any CPU
		{D5D68562-5131-49AD-B49E-E8DA91716D2E}.Release|iPhone.Build.0 = Release|Any CPU
		{D5D68562-5131-49AD-B49E-E8DA91716D2E}.Release|iPhoneSimulator.ActiveCfg = Release|Any CPU
		{D5D68562-5131-49AD-B49E-E8DA91716D2E}.Release|iPhoneSimulator.Build.0 = Release|Any CPU
		{D5D68562-5131-49AD-B49E-E8DA91716D2E}.Debug|iPhone.ActiveCfg = Debug|Any CPU
		{D5D68562-5131-49AD-B49E-E8DA91716D2E}.Debug|iPhone.Build.0 = Debug|Any CPU
		{3079F65A-9E3E-4E5A-853F-3E0140534A28}.Debug|Any CPU.ActiveCfg = Debug|Any CPU
		{3079F65A-9E3E-4E5A-853F-3E0140534A28}.Debug|Any CPU.Build.0 = Debug|Any CPU
		{3079F65A-9E3E-4E5A-853F-3E0140534A28}.Release|Any CPU.ActiveCfg = Release|Any CPU
		{3079F65A-9E3E-4E5A-853F-3E0140534A28}.Release|Any CPU.Build.0 = Release|Any CPU
		{3079F65A-9E3E-4E5A-853F-3E0140534A28}.Debug|iPhoneSimulator.ActiveCfg = Debug|Any CPU
		{3079F65A-9E3E-4E5A-853F-3E0140534A28}.Debug|iPhoneSimulator.Build.0 = Debug|Any CPU
		{3079F65A-9E3E-4E5A-853F-3E0140534A28}.Release|iPhone.ActiveCfg = Release|Any CPU
		{3079F65A-9E3E-4E5A-853F-3E0140534A28}.Release|iPhone.Build.0 = Release|Any CPU
		{3079F65A-9E3E-4E5A-853F-3E0140534A28}.Release|iPhoneSimulator.ActiveCfg = Release|Any CPU
		{3079F65A-9E3E-4E5A-853F-3E0140534A28}.Release|iPhoneSimulator.Build.0 = Release|Any CPU
		{3079F65A-9E3E-4E5A-853F-3E0140534A28}.Debug|iPhone.ActiveCfg = Debug|Any CPU
		{3079F65A-9E3E-4E5A-853F-3E0140534A28}.Debug|iPhone.Build.0 = Debug|Any CPU
		{CE594427-C220-43A8-8C2B-37A02AE278CA}.Debug|Any CPU.ActiveCfg = Debug|Any CPU
		{CE594427-C220-43A8-8C2B-37A02AE278CA}.Debug|Any CPU.Build.0 = Debug|Any CPU
		{CE594427-C220-43A8-8C2B-37A02AE278CA}.Release|Any CPU.ActiveCfg = Release|Any CPU
		{CE594427-C220-43A8-8C2B-37A02AE278CA}.Release|Any CPU.Build.0 = Release|Any CPU
		{CE594427-C220-43A8-8C2B-37A02AE278CA}.Debug|iPhoneSimulator.ActiveCfg = Debug|Any CPU
		{CE594427-C220-43A8-8C2B-37A02AE278CA}.Debug|iPhoneSimulator.Build.0 = Debug|Any CPU
		{CE594427-C220-43A8-8C2B-37A02AE278CA}.Release|iPhone.ActiveCfg = Release|Any CPU
		{CE594427-C220-43A8-8C2B-37A02AE278CA}.Release|iPhone.Build.0 = Release|Any CPU
		{CE594427-C220-43A8-8C2B-37A02AE278CA}.Release|iPhoneSimulator.ActiveCfg = Release|Any CPU
		{CE594427-C220-43A8-8C2B-37A02AE278CA}.Release|iPhoneSimulator.Build.0 = Release|Any CPU
		{CE594427-C220-43A8-8C2B-37A02AE278CA}.Debug|iPhone.ActiveCfg = Debug|Any CPU
		{CE594427-C220-43A8-8C2B-37A02AE278CA}.Debug|iPhone.Build.0 = Debug|Any CPU
		{C3FEAE7C-447E-4EAF-B05C-6F64BA6095C1}.Debug|Any CPU.ActiveCfg = Debug|Any CPU
		{C3FEAE7C-447E-4EAF-B05C-6F64BA6095C1}.Debug|Any CPU.Build.0 = Debug|Any CPU
		{C3FEAE7C-447E-4EAF-B05C-6F64BA6095C1}.Release|Any CPU.ActiveCfg = Release|Any CPU
		{C3FEAE7C-447E-4EAF-B05C-6F64BA6095C1}.Release|Any CPU.Build.0 = Release|Any CPU
		{C3FEAE7C-447E-4EAF-B05C-6F64BA6095C1}.Debug|iPhoneSimulator.ActiveCfg = Debug|Any CPU
		{C3FEAE7C-447E-4EAF-B05C-6F64BA6095C1}.Debug|iPhoneSimulator.Build.0 = Debug|Any CPU
		{C3FEAE7C-447E-4EAF-B05C-6F64BA6095C1}.Release|iPhone.ActiveCfg = Release|Any CPU
		{C3FEAE7C-447E-4EAF-B05C-6F64BA6095C1}.Release|iPhone.Build.0 = Release|Any CPU
		{C3FEAE7C-447E-4EAF-B05C-6F64BA6095C1}.Release|iPhoneSimulator.ActiveCfg = Release|Any CPU
		{C3FEAE7C-447E-4EAF-B05C-6F64BA6095C1}.Release|iPhoneSimulator.Build.0 = Release|Any CPU
		{C3FEAE7C-447E-4EAF-B05C-6F64BA6095C1}.Debug|iPhone.ActiveCfg = Debug|Any CPU
		{C3FEAE7C-447E-4EAF-B05C-6F64BA6095C1}.Debug|iPhone.Build.0 = Debug|Any CPU
		{9181A8FF-A5DA-44E3-909D-03136530643F}.Debug|Any CPU.ActiveCfg = Debug|Any CPU
		{9181A8FF-A5DA-44E3-909D-03136530643F}.Debug|Any CPU.Build.0 = Debug|Any CPU
		{9181A8FF-A5DA-44E3-909D-03136530643F}.Release|Any CPU.ActiveCfg = Release|Any CPU
		{9181A8FF-A5DA-44E3-909D-03136530643F}.Release|Any CPU.Build.0 = Release|Any CPU
		{9181A8FF-A5DA-44E3-909D-03136530643F}.Debug|iPhoneSimulator.ActiveCfg = Debug|Any CPU
		{9181A8FF-A5DA-44E3-909D-03136530643F}.Debug|iPhoneSimulator.Build.0 = Debug|Any CPU
		{9181A8FF-A5DA-44E3-909D-03136530643F}.Release|iPhone.ActiveCfg = Release|Any CPU
		{9181A8FF-A5DA-44E3-909D-03136530643F}.Release|iPhone.Build.0 = Release|Any CPU
		{9181A8FF-A5DA-44E3-909D-03136530643F}.Release|iPhoneSimulator.ActiveCfg = Release|Any CPU
		{9181A8FF-A5DA-44E3-909D-03136530643F}.Release|iPhoneSimulator.Build.0 = Release|Any CPU
		{9181A8FF-A5DA-44E3-909D-03136530643F}.Debug|iPhone.ActiveCfg = Debug|Any CPU
		{9181A8FF-A5DA-44E3-909D-03136530643F}.Debug|iPhone.Build.0 = Debug|Any CPU
		{DAA2FDAD-587C-4C3A-8733-26069AA4C27C}.Debug|Any CPU.ActiveCfg = Debug|iPhoneSimulator
		{DAA2FDAD-587C-4C3A-8733-26069AA4C27C}.Debug|Any CPU.Build.0 = Debug|iPhoneSimulator
		{DAA2FDAD-587C-4C3A-8733-26069AA4C27C}.Release|Any CPU.ActiveCfg = Release|iPhone
		{DAA2FDAD-587C-4C3A-8733-26069AA4C27C}.Release|Any CPU.Build.0 = Release|iPhone
		{DAA2FDAD-587C-4C3A-8733-26069AA4C27C}.Debug|iPhoneSimulator.ActiveCfg = Debug|iPhoneSimulator
		{DAA2FDAD-587C-4C3A-8733-26069AA4C27C}.Debug|iPhoneSimulator.Build.0 = Debug|iPhoneSimulator
		{DAA2FDAD-587C-4C3A-8733-26069AA4C27C}.Release|iPhone.ActiveCfg = Release|iPhone
		{DAA2FDAD-587C-4C3A-8733-26069AA4C27C}.Release|iPhone.Build.0 = Release|iPhone
		{DAA2FDAD-587C-4C3A-8733-26069AA4C27C}.Release|iPhoneSimulator.ActiveCfg = Release|iPhoneSimulator
		{DAA2FDAD-587C-4C3A-8733-26069AA4C27C}.Release|iPhoneSimulator.Build.0 = Release|iPhoneSimulator
		{DAA2FDAD-587C-4C3A-8733-26069AA4C27C}.Debug|iPhone.ActiveCfg = Debug|iPhone
		{DAA2FDAD-587C-4C3A-8733-26069AA4C27C}.Debug|iPhone.Build.0 = Debug|iPhone
	EndGlobalSection
EndGlobal
